
Microsoft Visual Studio Solution File, Format Version 12.00
# Visual Studio Version 16
VisualStudioVersion = 16.0.29215.179
MinimumVisualStudioVersion = 10.0.40219.1
Project("{FAE04EC0-301F-11D3-BF4B-00C04F79EFBC}") = "NAVE", "NAVE\NAVE.csproj", "{C649B3C7-7A7A-40E7-852C-64A4469304CE}"
EndProject
Global
	GlobalSection(SolutionConfigurationPlatforms) = preSolution
		Debug|Any CPU = Debug|Any CPU
		Release|Any CPU = Release|Any CPU
	EndGlobalSection
	GlobalSection(ProjectConfigurationPlatforms) = postSolution
		{C649B3C7-7A7A-40E7-852C-64A4469304CE}.Debug|Any CPU.ActiveCfg = Debug|Any CPU
		{C649B3C7-7A7A-40E7-852C-64A4469304CE}.Debug|Any CPU.Build.0 = Debug|Any CPU
		{C649B3C7-7A7A-40E7-852C-64A4469304CE}.Release|Any CPU.ActiveCfg = Release|Any CPU
		{C649B3C7-7A7A-40E7-852C-64A4469304CE}.Release|Any CPU.Build.0 = Release|Any CPU
	EndGlobalSection
	GlobalSection(SolutionProperties) = preSolution
		HideSolutionNode = FALSE
	EndGlobalSection
	GlobalSection(ExtensibilityGlobals) = postSolution
		SolutionGuid = {8054D194-6A55-400F-B095-8296F13BD649}
	EndGlobalSection
EndGlobal
